
Microsoft Visual Studio Solution File, Format Version 12.00
Project("{FAE04EC0-301F-11D3-BF4B-00C04F79EFBC}") = "VirpilCommunicator", "VirpilCommunicator\VirpilCommunicator.csproj", "{1E6EB401-FD5B-4CA4-86E5-95E2389EB89A}"
EndProject
Global
	GlobalSection(SolutionConfigurationPlatforms) = preSolution
		Debug|Any CPU = Debug|Any CPU
		Release|Any CPU = Release|Any CPU
	EndGlobalSection
	GlobalSection(ProjectConfigurationPlatforms) = postSolution
		{1E6EB401-FD5B-4CA4-86E5-95E2389EB89A}.Debug|Any CPU.ActiveCfg = Debug|Any CPU
		{1E6EB401-FD5B-4CA4-86E5-95E2389EB89A}.Debug|Any CPU.Build.0 = Debug|Any CPU
		{1E6EB401-FD5B-4CA4-86E5-95E2389EB89A}.Release|Any CPU.ActiveCfg = Release|Any CPU
		{1E6EB401-FD5B-4CA4-86E5-95E2389EB89A}.Release|Any CPU.Build.0 = Release|Any CPU
	EndGlobalSection
EndGlobal
